
Microsoft Visual Studio Solution File, Format Version 12.00
Project("{FAE04EC0-301F-11D3-BF4B-00C04F79EFBC}") = "WonderActorEditor", "WonderActorEditor\WonderActorEditor.csproj", "{CCC90D63-13B7-4DE6-9EDE-F0629E4380FE}"
EndProject
Global
	GlobalSection(SolutionConfigurationPlatforms) = preSolution
		Debug|Any CPU = Debug|Any CPU
		Release|Any CPU = Release|Any CPU
	EndGlobalSection
	GlobalSection(ProjectConfigurationPlatforms) = postSolution
		{CCC90D63-13B7-4DE6-9EDE-F0629E4380FE}.Debug|Any CPU.ActiveCfg = Debug|Any CPU
		{CCC90D63-13B7-4DE6-9EDE-F0629E4380FE}.Debug|Any CPU.Build.0 = Debug|Any CPU
		{CCC90D63-13B7-4DE6-9EDE-F0629E4380FE}.Release|Any CPU.ActiveCfg = Release|Any CPU
		{CCC90D63-13B7-4DE6-9EDE-F0629E4380FE}.Release|Any CPU.Build.0 = Release|Any CPU
	EndGlobalSection
EndGlobal
